{
  "requires": true,
  "lockfileVersion": 1,
  "dependencies": {
    "react-google-charts": {
      "version": "3.0.13",
      "resolved": "https://registry.npmjs.org/react-google-charts/-/react-google-charts-3.0.13.tgz",
      "integrity": "sha512-YGWVblSKycszcSWKARbQMrjC244dbamCSanW52uzWR+hvr4+5OVT3c3OQdwHcV0zmIeMywjWk7XHbUUAiZm+Yg==",
      "requires": {
        "react-load-script": "^0.0.6"
      }
    },
    "react-load-script": {
      "version": "0.0.6",
      "resolved": "https://registry.npmjs.org/react-load-script/-/react-load-script-0.0.6.tgz",
      "integrity": "sha512-aRGxDGP9VoLxcsaYvKWIW+LRrMOzz2eEcubTS4NvQPPugjk2VvMhow0wWTkSl7RxookomD1MwcP4l5UStg5ShQ=="
    }
  }
}
